
Microsoft Visual Studio Solution File, Format Version 12.00
# Visual Studio Version 17
VisualStudioVersion = 17.14.36623.8 d17.14
MinimumVisualStudioVersion = 10.0.40219.1
Project("{FAE04EC0-301F-11D3-BF4B-00C04F79EFBC}") = "task 12", "task 12\task 12.csproj", "{3EF560FE-A6C4-4B06-836A-FA43B38A2A7B}"
EndProject
Global
	GlobalSection(SolutionConfigurationPlatforms) = preSolution
		Debug|Any CPU = Debug|Any CPU
		Release|Any CPU = Release|Any CPU
	EndGlobalSection
	GlobalSection(ProjectConfigurationPlatforms) = postSolution
		{3EF560FE-A6C4-4B06-836A-FA43B38A2A7B}.Debug|Any CPU.ActiveCfg = Debug|Any CPU
		{3EF560FE-A6C4-4B06-836A-FA43B38A2A7B}.Debug|Any CPU.Build.0 = Debug|Any CPU
		{3EF560FE-A6C4-4B06-836A-FA43B38A2A7B}.Release|Any CPU.ActiveCfg = Release|Any CPU
		{3EF560FE-A6C4-4B06-836A-FA43B38A2A7B}.Release|Any CPU.Build.0 = Release|Any CPU
	EndGlobalSection
	GlobalSection(SolutionProperties) = preSolution
		HideSolutionNode = FALSE
	EndGlobalSection
	GlobalSection(ExtensibilityGlobals) = postSolution
		SolutionGuid = {2310BEAC-BBA2-442F-9C1A-C51E1317DEFD}
	EndGlobalSection
EndGlobal
